<?xml version="1.0" encoding="utf-8"?>
<Project ToolsVersion="4.0" xmlns="http://schemas.microsoft.com/developer/msbuild/2003">
  <ItemGroup>
    <Filter Include="Source Files">
      <UniqueIdentifier>{4FC737F1-C7A5-4376-A066-2A32D752A2FF}</UniqueIdentifier>
      <Extensions>cpp;cxx;c;def</Extensions>
    </Filter>
    <Filter Include="Header Files">
      <UniqueIdentifier>{93995380-89BD-4b04-88EB-625FBE52EBFB}</UniqueIdentifier>
      <Extensions>h</Extensions>
    </Filter>
    <Filter Include="Form Files">
      <UniqueIdentifier>{99349809-55BA-4b9d-BF79-8FDBB0286EB3}</UniqueIdentifier>
      <Extensions>ui</Extensions>
    </Filter>
    <Filter Include="Resource Files">
      <UniqueIdentifier>{D9D6E242-F8AF-46E4-B9FD-80ECBC20BA3E}</UniqueIdentifier>
      <Extensions>qrc;*</Extensions>
      <ParseFiles>false</ParseFiles>
    </Filter>
    <Filter Include="Generated Files">
      <UniqueIdentifier>{71ED8ED8-ACB9-4CE9-BBE1-E00B30144E11}</UniqueIdentifier>
      <Extensions>moc;h;cpp</Extensions>
      <SourceControlFiles>False</SourceControlFiles>
    </Filter>
    <Filter Include="Generated Files\Debug">
      <UniqueIdentifier>{ed67552f-9def-4d6c-a558-a3004ea6078a}</UniqueIdentifier>
      <Extensions>cpp;moc</Extensions>
      <SourceControlFiles>False</SourceControlFiles>
    </Filter>
    <Filter Include="Generated Files\Release">
      <UniqueIdentifier>{0630a0bc-3adb-40ef-a94a-c2b30b739530}</UniqueIdentifier>
      <Extensions>cpp;moc</Extensions>
      <SourceControlFiles>False</SourceControlFiles>
    </Filter>
    <Filter Include="Translation Files">
      <UniqueIdentifier>{639EADAA-A684-42e4-A9AD-28FC9BCB8F7C}</UniqueIdentifier>
      <Extensions>ts</Extensions>
      <ParseFiles>false</ParseFiles>
    </Filter>
  </ItemGroup>
  <ItemGroup>
    <ClCompile Include="main.cpp">
      <Filter>Source Files</Filter>
    </ClCompile>
    <ClCompile Include="hmiios2014.cpp">
      <Filter>Source Files</Filter>
    </ClCompile>
    <ClCompile Include="GeneratedFiles64\Debug\moc_hmiios2014.cpp">
      <Filter>Generated Files\Debug</Filter>
    </ClCompile>
    <ClCompile Include="GeneratedFiles64\Release\moc_hmiios2014.cpp">
      <Filter>Generated Files\Release</Filter>
    </ClCompile>
    <ClCompile Include="GeneratedFiles64\qrc_hmiios2014.cpp">
      <Filter>Generated Files</Filter>
    </ClCompile>
    <ClCompile Include="openglWindow.cpp">
      <Filter>Source Files</Filter>
    </ClCompile>
    <ClCompile Include="GeneratedFiles64\Debug\moc_openglWindow.cpp">
      <Filter>Generated Files\Debug</Filter>
    </ClCompile>
    <ClCompile Include="GeneratedFiles64\Release\moc_openglWindow.cpp">
      <Filter>Generated Files\Release</Filter>
    </ClCompile>
    <ClCompile Include="TSDWindow.cpp">
      <Filter>Source Files</Filter>
    </ClCompile>
    <ClCompile Include="GeneratedFiles64\Debug\moc_TSDWindow.cpp">
      <Filter>Generated Files\Debug</Filter>
    </ClCompile>
    <ClCompile Include="GeneratedFiles64\Release\moc_TSDWindow.cpp">
      <Filter>Generated Files\Release</Filter>
    </ClCompile>
    <ClCompile Include="shpReader.cpp">
      <Filter>Source Files</Filter>
    </ClCompile>
    <ClCompile Include="dbfReader.cpp">
      <Filter>Source Files</Filter>
    </ClCompile>
    <ClCompile Include="mapFilterWidget.cpp">
      <Filter>Source Files</Filter>
    </ClCompile>
    <ClCompile Include="GeneratedFiles64\Debug\moc_mapFilterWidget.cpp">
      <Filter>Generated Files\Debug</Filter>
    </ClCompile>
    <ClCompile Include="GeneratedFiles64\Release\moc_mapFilterWidget.cpp">
      <Filter>Generated Files\Release</Filter>
    </ClCompile>
  </ItemGroup>
  <ItemGroup>
    <CustomBuild Include="hmiios2014.h">
      <Filter>Header Files</Filter>
    </CustomBuild>
    <CustomBuild Include="hmiios2014.ui">
      <Filter>Form Files</Filter>
    </CustomBuild>
    <CustomBuild Include="hmiios2014.qrc">
      <Filter>Resource Files</Filter>
    </CustomBuild>
    <CustomBuild Include="openglWindow.h">
      <Filter>Header Files</Filter>
    </CustomBuild>
    <CustomBuild Include="TSDWindow.h">
      <Filter>Header Files</Filter>
    </CustomBuild>
    <CustomBuild Include="mapFilter.ui">
      <Filter>Form Files</Filter>
    </CustomBuild>
    <CustomBuild Include="mapFilterWidget.h">
      <Filter>Header Files</Filter>
    </CustomBuild>
  </ItemGroup>
  <ItemGroup>
    <ClInclude Include="GeneratedFiles64\ui_hmiios2014.h">
      <Filter>Generated Files</Filter>
    </ClInclude>
    <ClInclude Include="shpReader.h">
      <Filter>Header Files</Filter>
    </ClInclude>
    <ClInclude Include="mrt.h">
      <Filter>Header Files</Filter>
    </ClInclude>
    <ClInclude Include="dbfReader.h">
      <Filter>Header Files</Filter>
    </ClInclude>
    <ClInclude Include="GeneratedFiles64\ui_mapFilter.h">
      <Filter>Generated Files</Filter>
    </ClInclude>
  </ItemGroup>
  <ItemGroup>
    <ResourceCompile Include="hmiios2014.rc" />
  </ItemGroup>
  <ItemGroup>
    <None Include="fshader.glsl" />
    <None Include="vshader.glsl" />
    <None Include="hmiios2014_zh.ts">
      <Filter>Translation Files</Filter>
    </None>
    <None Include="hmiios2014_en.ts">
      <Filter>Translation Files</Filter>
    </None>
  </ItemGroup>
</Project>